
Microsoft Visual Studio Solution File, Format Version 12.00
# Visual Studio 15
VisualStudioVersion = 15.0.28307.1738
MinimumVisualStudioVersion = 10.0.40219.1
Project("{FAE04EC0-301F-11D3-BF4B-00C04F79EFBC}") = "Warehouse", "Warehouse\Warehouse.csproj", "{77CAC990-240E-444A-81D5-B6614B2A4766}"
EndProject
Global
	GlobalSection(SolutionConfigurationPlatforms) = preSolution
		Debug|Any CPU = Debug|Any CPU
		Release|Any CPU = Release|Any CPU
	EndGlobalSection
	GlobalSection(ProjectConfigurationPlatforms) = postSolution
		{77CAC990-240E-444A-81D5-B6614B2A4766}.Debug|Any CPU.ActiveCfg = Debug|Any CPU
		{77CAC990-240E-444A-81D5-B6614B2A4766}.Debug|Any CPU.Build.0 = Debug|Any CPU
		{77CAC990-240E-444A-81D5-B6614B2A4766}.Release|Any CPU.ActiveCfg = Release|Any CPU
		{77CAC990-240E-444A-81D5-B6614B2A4766}.Release|Any CPU.Build.0 = Release|Any CPU
	EndGlobalSection
	GlobalSection(SolutionProperties) = preSolution
		HideSolutionNode = FALSE
	EndGlobalSection
	GlobalSection(ExtensibilityGlobals) = postSolution
		SolutionGuid = {F526BB6C-8473-4AC2-9359-6DBC47D96968}
	EndGlobalSection
EndGlobal
